// !$*UTF8*$!
{
	archiveVersion = 1;
	classes = {
	};
	objectVersion = 50;
	objects = {

/* Begin PBXBuildFile section */
		5717AE102687676200F90A97 /* ShaxzodVC.swift in Sources */ = {isa = PBXBuildFile; fileRef = 5717AE0E2687676200F90A97 /* ShaxzodVC.swift */; };
		5717AE112687676200F90A97 /* ShaxzodVC.xib in Resources */ = {isa = PBXBuildFile; fileRef = 5717AE0F2687676200F90A97 /* ShaxzodVC.xib */; };
		DC24031426875C4B002C95D2 /* AppDelegate.swift in Sources */ = {isa = PBXBuildFile; fileRef = DC24031326875C4B002C95D2 /* AppDelegate.swift */; };
		DC24031626875C4B002C95D2 /* SceneDelegate.swift in Sources */ = {isa = PBXBuildFile; fileRef = DC24031526875C4B002C95D2 /* SceneDelegate.swift */; };
		DC24031826875C4B002C95D2 /* ViewController.swift in Sources */ = {isa = PBXBuildFile; fileRef = DC24031726875C4B002C95D2 /* ViewController.swift */; };
		DC24031B26875C4B002C95D2 /* Main.storyboard in Resources */ = {isa = PBXBuildFile; fileRef = DC24031926875C4B002C95D2 /* Main.storyboard */; };
		DC24031D26875C4F002C95D2 /* Assets.xcassets in Resources */ = {isa = PBXBuildFile; fileRef = DC24031C26875C4F002C95D2 /* Assets.xcassets */; };
		DC24032026875C4F002C95D2 /* LaunchScreen.storyboard in Resources */ = {isa = PBXBuildFile; fileRef = DC24031E26875C4F002C95D2 /* LaunchScreen.storyboard */; };
/* End PBXBuildFile section */

/* Begin PBXFileReference section */
		5717AE0E2687676200F90A97 /* ShaxzodVC.swift */ = {isa = PBXFileReference; lastKnownFileType = sourcecode.swift; path = ShaxzodVC.swift; sourceTree = "<group>"; };
		5717AE0F2687676200F90A97 /* ShaxzodVC.xib */ = {isa = PBXFileReference; lastKnownFileType = file.xib; path = ShaxzodVC.xib; sourceTree = "<group>"; };
		DC24031026875C4B002C95D2 /* GithubProject.app */ = {isa = PBXFileReference; explicitFileType = wrapper.application; includeInIndex = 0; path = GithubProject.app; sourceTree = BUILT_PRODUCTS_DIR; };
		DC24031326875C4B002C95D2 /* AppDelegate.swift */ = {isa = PBXFileReference; lastKnownFileType = sourcecode.swift; path = AppDelegate.swift; sourceTree = "<group>"; };
		DC24031526875C4B002C95D2 /* SceneDelegate.swift */ = {isa = PBXFileReference; lastKnownFileType = sourcecode.swift; path = SceneDelegate.swift; sourceTree = "<group>"; };
		DC24031726875C4B002C95D2 /* ViewController.swift */ = {isa = PBXFileReference; lastKnownFileType = sourcecode.swift; path = ViewController.swift; sourceTree = "<group>"; };
		DC24031A26875C4B002C95D2 /* Base */ = {isa = PBXFileReference; lastKnownFileType = file.storyboard; name = Base; path = Base.lproj/Main.storyboard; sourceTree = "<group>"; };
		DC24031C26875C4F002C95D2 /* Assets.xcassets */ = {isa = PBXFileReference; lastKnownFileType = folder.assetcatalog; path = Assets.xcassets; sourceTree = "<group>"; };
		DC24031F26875C4F002C95D2 /* Base */ = {isa = PBXFileReference; lastKnownFileType = file.storyboard; name = Base; path = Base.lproj/LaunchScreen.storyboard; sourceTree = "<group>"; };
		DC24032126875C4F002C95D2 /* Info.plist */ = {isa = PBXFileReference; lastKnownFileType = text.plist.xml; path = Info.plist; sourceTree = "<group>"; };
/* End PBXFileReference section */

/* Begin PBXFrameworksBuildPhase section */
		DC24030D26875C4B002C95D2 /* Frameworks */ = {
			isa = PBXFrameworksBuildPhase;
			buildActionMask = 2147483647;
			files = (
			);
			runOnlyForDeploymentPostprocessing = 0;
		};
/* End PBXFrameworksBuildPhase section */

/* Begin PBXGroup section */
		DC24030726875C4A002C95D2 = {
			isa = PBXGroup;
			children = (
				DC24031226875C4B002C95D2 /* GithubProject */,
				DC24031126875C4B002C95D2 /* Products */,
			);
			sourceTree = "<group>";
		};
		DC24031126875C4B002C95D2 /* Products */ = {
			isa = PBXGroup;
			children = (
				DC24031026875C4B002C95D2 /* GithubProject.app */,
			);
			name = Products;
			sourceTree = "<group>";
		};
		DC24031226875C4B002C95D2 /* GithubProject */ = {
			isa = PBXGroup;
			children = (
				DC24031326875C4B002C95D2 /* AppDelegate.swift */,
				DC24031526875C4B002C95D2 /* SceneDelegate.swift */,
				DC24031726875C4B002C95D2 /* ViewController.swift */,
				DC24031926875C4B002C95D2 /* Main.storyboard */,
				DC24031C26875C4F002C95D2 /* Assets.xcassets */,
				DC24031E26875C4F002C95D2 /* LaunchScreen.storyboard */,
				DC24032126875C4F002C95D2 /* Info.plist */,
				5717AE0E2687676200F90A97 /* ShaxzodVC.swift */,
				5717AE0F2687676200F90A97 /* ShaxzodVC.xib */,
			);
			path = GithubProject;
			sourceTree = "<group>";
		};
/* End PBXGroup section */

/* Begin PBXNativeTarget section */
		DC24030F26875C4B002C95D2 /* GithubProject */ = {
			isa = PBXNativeTarget;
			buildConfigurationList = DC24032426875C4F002C95D2 /* Build configuration list for PBXNativeTarget "GithubProject" */;
			buildPhases = (
				DC24030C26875C4B002C95D2 /* Sources */,
				DC24030D26875C4B002C95D2 /* Frameworks */,
				DC24030E26875C4B002C95D2 /* Resources */,
			);
			buildRules = (
			);
			dependencies = (
			);
			name = GithubProject;
			productName = GithubProject;
			productReference = DC24031026875C4B002C95D2 /* GithubProject.app */;
			productType = "com.apple.product-type.application";
		};
/* End PBXNativeTarget section */

/* Begin PBXProject section */
		DC24030826875C4B002C95D2 /* Project object */ = {
			isa = PBXProject;
			attributes = {
				LastSwiftUpdateCheck = 1250;
				LastUpgradeCheck = 1250;
				TargetAttributes = {
					DC24030F26875C4B002C95D2 = {
						CreatedOnToolsVersion = 12.5;
					};
				};
			};
			buildConfigurationList = DC24030B26875C4B002C95D2 /* Build configuration list for PBXProject "GithubProject" */;
			compatibilityVersion = "Xcode 9.3";
			developmentRegion = en;
			hasScannedForEncodings = 0;
			knownRegions = (
				en,
				Base,
			);
			mainGroup = DC24030726875C4A002C95D2;
			productRefGroup = DC24031126875C4B002C95D2 /* Products */;
			projectDirPath = "";
			projectRoot = "";
			targets = (
				DC24030F26875C4B002C95D2 /* GithubProject */,
			);
		};
/* End PBXProject section */

/* Begin PBXResourcesBuildPhase section */
		DC24030E26875C4B002C95D2 /* Resources */ = {
			isa = PBXResourcesBuildPhase;
			buildActionMask = 2147483647;
			files = (
				5717AE112687676200F90A97 /* ShaxzodVC.xib in Resources */,
				DC24032026875C4F002C95D2 /* LaunchScreen.storyboard in Resources */,
				DC24031D26875C4F002C95D2 /* Assets.xcassets in Resources */,
				DC24031B26875C4B002C95D2 /* Main.storyboard in Resources */,
			);
			runOnlyForDeploymentPostprocessing = 0;
		};
/* End PBXResourcesBuildPhase section */

/* Begin PBXSourcesBuildPhase section */
		DC24030C26875C4B002C95D2 /* Sources */ = {
			isa = PBXSourcesBuildPhase;
			buildActionMask = 2147483647;
			files = (
				5717AE102687676200F90A97 /* ShaxzodVC.swift in Sources */,
				DC24031826875C4B002C95D2 /* ViewController.swift in Sources */,
				DC24031426875C4B002C95D2 /* AppDelegate.swift in Sources */,
				DC24031626875C4B002C95D2 /* SceneDelegate.swift in Sources */,
			);
			runOnlyForDeploymentPostprocessing = 0;
		};
/* End PBXSourcesBuildPhase section */

/* Begin PBXVariantGroup section */
		DC24031926875C4B002C95D2 /* Main.storyboard */ = {
			isa = PBXVariantGroup;
			children = (
				DC24031A26875C4B002C95D2 /* Base */,
			);
			name = Main.storyboard;
			sourceTree = "<group>";
		};
		DC24031E26875C4F002C95D2 /* LaunchScreen.storyboard */ = {
			isa = PBXVariantGroup;
			children = (
				DC24031F26875C4F002C95D2 /* Base */,
			);
			name = LaunchScreen.storyboard;
			sourceTree = "<group>";
		};
/* End PBXVariantGroup section */

/* Begin XCBuildConfiguration section */
		DC24032226875C4F002C95D2 /* Debug */ = {
			isa = XCBuildConfiguration;
			buildSettings = {
				ALWAYS_SEARCH_USER_PATHS = NO;
				CLANG_ANALYZER_NONNULL = YES;
				CLANG_ANALYZER_NUMBER_OBJECT_CONVERSION = YES_AGGRESSIVE;
				CLANG_CXX_LANGUAGE_STANDARD = "gnu++14";
				CLANG_CXX_LIBRARY = "libc++";
				CLANG_ENABLE_MODULES = YES;
				CLANG_ENABLE_OBJC_ARC = YES;
				CLANG_ENABLE_OBJC_WEAK = YES;
				CLANG_WARN_BLOCK_CAPTURE_AUTORELEASING = YES;
				CLANG_WARN_BOOL_CONVERSION = YES;
				CLANG_WARN_COMMA = YES;
				CLANG_WARN_CONSTANT_CONVERSION = YES;
				CLANG_WARN_DEPRECATED_OBJC_IMPLEMENTATIONS = YES;
				CLANG_WARN_DIRECT_OBJC_ISA_USAGE = YES_ERROR;
				CLANG_WARN_DOCUMENTATION_COMMENTS = YES;
				CLANG_WARN_EMPTY_BODY = YES;
				CLANG_WARN_ENUM_CONVERSION = YES;
				CLANG_WARN_INFINITE_RECURSION = YES;
				CLANG_WARN_INT_CONVERSION = YES;
				CLANG_WARN_NON_LITERAL_NULL_CONVERSION = YES;
				CLANG_WARN_OBJC_IMPLICIT_RETAIN_SELF = YES;
				CLANG_WARN_OBJC_LITERAL_CONVERSION = YES;
				CLANG_WARN_OBJC_ROOT_CLASS = YES_ERROR;
				CLANG_WARN_QUOTED_INCLUDE_IN_FRAMEWORK_HEADER = YES;
				CLANG_WARN_RANGE_LOOP_ANALYSIS = YES;
				CLANG_WARN_STRICT_PROTOTYPES = YES;
				CLANG_WARN_SUSPICIOUS_MOVE = YES;
				CLANG_WARN_UNGUARDED_AVAILABILITY = YES_AGGRESSIVE;
				CLANG_WARN_UNREACHABLE_CODE = YES;
				CLANG_WARN__DUPLICATE_METHOD_MATCH = YES;
				COPY_PHASE_STRIP = NO;
				DEBUG_INFORMATION_FORMAT = dwarf;
				ENABLE_STRICT_OBJC_MSGSEND = YES;
				ENABLE_TESTABILITY = YES;
				GCC_C_LANGUAGE_STANDARD = gnu11;
				GCC_DYNAMIC_NO_PIC = NO;
				GCC_NO_COMMON_BLOCKS = YES;
				GCC_OPTIMIZATION_LEVEL = 0;
				GCC_PREPROCESSOR_DEFINITIONS = (
					"DEBUG=1",
					"$(inherited)",
				);
				GCC_WARN_64_TO_32_BIT_CONVERSION = YES;
				GCC_WARN_ABOUT_RETURN_TYPE = YES_ERROR;
				GCC_WARN_UNDECLARED_SELECTOR = YES;
				GCC_WARN_UNINITIALIZED_AUTOS = YES_AGGRESSIVE;
				GCC_WARN_UNUSED_FUNCTION = YES;
				GCC_WARN_UNUSED_VARIABLE = YES;
				IPHONEOS_DEPLOYMENT_TARGET = 14.5;
				MTL_ENABLE_DEBUG_INFO = INCLUDE_SOURCE;
				MTL_FAST_MATH = YES;
				ONLY_ACTIVE_ARCH = YES;
				SDKROOT = iphoneos;
				SWIFT_ACTIVE_COMPILATION_CONDITIONS = DEBUG;
				SWIFT_OPTIMIZATION_LEVEL = "-Onone";
			};
			name = Debug;
		};
		DC24032326875C4F002C95D2 /* Release */ = {
			isa = XCBuildConfiguration;
			buildSettings = {
				ALWAYS_SEARCH_USER_PATHS = NO;
				CLANG_ANALYZER_NONNULL = YES;
				CLANG_ANALYZER_NUMBER_OBJECT_CONVERSION = YES_AGGRESSIVE;
				CLANG_CXX_LANGUAGE_STANDARD = "gnu++14";
				CLANG_CXX_LIBRARY = "libc++";
				CLANG_ENABLE_MODULES = YES;
				CLANG_ENABLE_OBJC_ARC = YES;
				CLANG_ENABLE_OBJC_WEAK = YES;
				CLANG_WARN_BLOCK_CAPTURE_AUTORELEASING = YES;
				CLANG_WARN_BOOL_CONVERSION = YES;
				CLANG_WARN_COMMA = YES;
				CLANG_WARN_CONSTANT_CONVERSION = YES;
				CLANG_WARN_DEPRECATED_OBJC_IMPLEMENTATIONS = YES;
				CLANG_WARN_DIRECT_OBJC_ISA_USAGE = YES_ERROR;
				CLANG_WARN_DOCUMENTATION_COMMENTS = YES;
				CLANG_WARN_EMPTY_BODY = YES;
				CLANG_WARN_ENUM_CONVERSION = YES;
				CLANG_WARN_INFINITE_RECURSION = YES;
				CLANG_WARN_INT_CONVERSION = YES;
				CLANG_WARN_NON_LITERAL_NULL_CONVERSION = YES;
				CLANG_WARN_OBJC_IMPLICIT_RETAIN_SELF = YES;
				CLANG_WARN_OBJC_LITERAL_CONVERSION = YES;
				CLANG_WARN_OBJC_ROOT_CLASS = YES_ERROR;
				CLANG_WARN_QUOTED_INCLUDE_IN_FRAMEWORK_HEADER = YES;
				CLANG_WARN_RANGE_LOOP_ANALYSIS = YES;
				CLANG_WARN_STRICT_PROTOTYPES = YES;
				CLANG_WARN_SUSPICIOUS_MOVE = YES;
				CLANG_WARN_UNGUARDED_AVAILABILITY = YES_AGGRESSIVE;
				CLANG_WARN_UNREACHABLE_CODE = YES;
				CLANG_WARN__DUPLICATE_METHOD_MATCH = YES;
				COPY_PHASE_STRIP = NO;
				DEBUG_INFORMATION_FORMAT = "dwarf-with-dsym";
				ENABLE_NS_ASSERTIONS = NO;
				ENABLE_STRICT_OBJC_MSGSEND = YES;
				GCC_C_LANGUAGE_STANDARD = gnu11;
				GCC_NO_COMMON_BLOCKS = YES;
				GCC_WARN_64_TO_32_BIT_CONVERSION = YES;
				GCC_WARN_ABOUT_RETURN_TYPE = YES_ERROR;
				GCC_WARN_UNDECLARED_SELECTOR = YES;
				GCC_WARN_UNINITIALIZED_AUTOS = YES_AGGRESSIVE;
				GCC_WARN_UNUSED_FUNCTION = YES;
				GCC_WARN_UNUSED_VARIABLE = YES;
				IPHONEOS_DEPLOYMENT_TARGET = 14.5;
				MTL_ENABLE_DEBUG_INFO = NO;
				MTL_FAST_MATH = YES;
				SDKROOT = iphoneos;
				SWIFT_COMPILATION_MODE = wholemodule;
				SWIFT_OPTIMIZATION_LEVEL = "-O";
				VALIDATE_PRODUCT = YES;
			};
			name = Release;
		};
		DC24032526875C4F002C95D2 /* Debug */ = {
			isa = XCBuildConfiguration;
			buildSettings = {
				ASSETCATALOG_COMPILER_APPICON_NAME = AppIcon;
				ASSETCATALOG_COMPILER_GLOBAL_ACCENT_COLOR_NAME = AccentColor;
				CODE_SIGN_STYLE = Automatic;
				INFOPLIST_FILE = GithubProject/Info.plist;
				LD_RUNPATH_SEARCH_PATHS = (
					"$(inherited)",
					"@executable_path/Frameworks",
				);
				PRODUCT_BUNDLE_IDENTIFIER = tesseract.uz.GithubProject;
				PRODUCT_NAME = "$(TARGET_NAME)";
				SWIFT_VERSION = 5.0;
				TARGETED_DEVICE_FAMILY = "1,2";
			};
			name = Debug;
		};
		DC24032626875C4F002C95D2 /* Release */ = {
			isa = XCBuildConfiguration;
			buildSettings = {
				ASSETCATALOG_COMPILER_APPICON_NAME = AppIcon;
				ASSETCATALOG_COMPILER_GLOBAL_ACCENT_COLOR_NAME = AccentColor;
				CODE_SIGN_STYLE = Automatic;
				INFOPLIST_FILE = GithubProject/Info.plist;
				LD_RUNPATH_SEARCH_PATHS = (
					"$(inherited)",
					"@executable_path/Frameworks",
				);
				PRODUCT_BUNDLE_IDENTIFIER = tesseract.uz.GithubProject;
				PRODUCT_NAME = "$(TARGET_NAME)";
				SWIFT_VERSION = 5.0;
				TARGETED_DEVICE_FAMILY = "1,2";
			};
			name = Release;
		};
/* End XCBuildConfiguration section */

/* Begin XCConfigurationList section */
		DC24030B26875C4B002C95D2 /* Build configuration list for PBXProject "GithubProject" */ = {
			isa = XCConfigurationList;
			buildConfigurations = (
				DC24032226875C4F002C95D2 /* Debug */,
				DC24032326875C4F002C95D2 /* Release */,
			);
			defaultConfigurationIsVisible = 0;
			defaultConfigurationName = Release;
		};
		DC24032426875C4F002C95D2 /* Build configuration list for PBXNativeTarget "GithubProject" */ = {
			isa = XCConfigurationList;
			buildConfigurations = (
				DC24032526875C4F002C95D2 /* Debug */,
				DC24032626875C4F002C95D2 /* Release */,
			);
			defaultConfigurationIsVisible = 0;
			defaultConfigurationName = Release;
		};
/* End XCConfigurationList section */
	};
	rootObject = DC24030826875C4B002C95D2 /* Project object */;
}
